
Microsoft Visual Studio Solution File, Format Version 12.00
# Visual Studio Version 16
VisualStudioVersion = 16.0.28803.202
MinimumVisualStudioVersion = 10.0.40219.1
Project("{FAE04EC0-301F-11D3-BF4B-00C04F79EFBC}") = "Solid.Arduino", "Solid.Arduino\Solid.Arduino.csproj", "{FDF9E431-2390-4C7B-AE60-10183439A683}"
EndProject
Project("{FAE04EC0-301F-11D3-BF4B-00C04F79EFBC}") = "Solid.Arduino.Test", "Solid.Arduino.Test\Solid.Arduino.Test.csproj", "{74525FE1-E248-449B-B499-F3FB205054F8}"
EndProject
Project("{FAE04EC0-301F-11D3-BF4B-00C04F79EFBC}") = "Solid.Arduino.Run", "Solid.Arduino.Run\Solid.Arduino.Run.csproj", "{2688801E-DD4C-4BEE-8E1D-3C1E3E448D73}"
EndProject
Project("{FAE04EC0-301F-11D3-BF4B-00C04F79EFBC}") = "Solid.Arduino.Monitor", "Solid.Arduino.Monitor\Solid.Arduino.Monitor.csproj", "{CC3D7242-A984-49EC-B6A7-B0F006B08D34}"
EndProject
Project("{7CF6DF6D-3B04-46F8-A40B-537D21BCA0B4}") = "Documentation", "Documentation\Documentation.shfbproj", "{721253FB-22D4-4DB6-8C7E-5F90118F52D5}"
EndProject
Project("{FAE04EC0-301F-11D3-BF4B-00C04F79EFBC}") = "Solid.Arduino.IntegrationTest", "Solid.Arduino.IntegrationTest\Solid.Arduino.IntegrationTest.csproj", "{40D8E3F0-DCCF-4F19-8EC0-2E6EC476B629}"
EndProject
Project("{2150E333-8FDC-42A3-9474-1A3956D46DE8}") = "Solution Items", "Solution Items", "{74531E41-B867-4266-890C-0B32CBE7EE99}"
	ProjectSection(SolutionItems) = preProject
		LICENSE.md = LICENSE.md
		README.md = README.md
	EndProjectSection
EndProject
Project("{9A19103F-16F7-4668-BE54-9A1E7A4F7556}") = "Solid.Arduino.Firmata", "Solid.Arduino.Firmata\Solid.Arduino.Firmata.csproj", "{AF35F810-6CE9-4A99-8681-3259C063626C}"
EndProject
Project("{FAE04EC0-301F-11D3-BF4B-00C04F79EFBC}") = "Solid.Arduino.Core", "Solid.Arduino.Core\Solid.Arduino.Core.csproj", "{AEC17458-E07C-496A-94E4-22CD4723DB8E}"
EndProject
Project("{9A19103F-16F7-4668-BE54-9A1E7A4F7556}") = "Solid.Arduino.Core.IntegrationTest", "Solid.Arduino.Core.IntegrationTest\Solid.Arduino.Core.IntegrationTest.csproj", "{41CEE3E7-0F8E-4633-9520-29FA5CFD3F9F}"
EndProject
Project("{9A19103F-16F7-4668-BE54-9A1E7A4F7556}") = "Solid.Arduino.Core.Run", "Solid.Arduino.Core.Run\Solid.Arduino.Core.Run.csproj", "{AF077C10-B278-4C0C-8499-F1153625709D}"
EndProject
Global
	GlobalSection(SolutionConfigurationPlatforms) = preSolution
		Debug|Any CPU = Debug|Any CPU
		Release|Any CPU = Release|Any CPU
	EndGlobalSection
	GlobalSection(ProjectConfigurationPlatforms) = postSolution
		{FDF9E431-2390-4C7B-AE60-10183439A683}.Debug|Any CPU.ActiveCfg = Debug|Any CPU
		{FDF9E431-2390-4C7B-AE60-10183439A683}.Debug|Any CPU.Build.0 = Debug|Any CPU
		{FDF9E431-2390-4C7B-AE60-10183439A683}.Release|Any CPU.ActiveCfg = Release|Any CPU
		{FDF9E431-2390-4C7B-AE60-10183439A683}.Release|Any CPU.Build.0 = Release|Any CPU
		{74525FE1-E248-449B-B499-F3FB205054F8}.Debug|Any CPU.ActiveCfg = Debug|Any CPU
		{74525FE1-E248-449B-B499-F3FB205054F8}.Debug|Any CPU.Build.0 = Debug|Any CPU
		{74525FE1-E248-449B-B499-F3FB205054F8}.Release|Any CPU.ActiveCfg = Release|Any CPU
		{74525FE1-E248-449B-B499-F3FB205054F8}.Release|Any CPU.Build.0 = Release|Any CPU
		{2688801E-DD4C-4BEE-8E1D-3C1E3E448D73}.Debug|Any CPU.ActiveCfg = Debug|Any CPU
		{2688801E-DD4C-4BEE-8E1D-3C1E3E448D73}.Debug|Any CPU.Build.0 = Debug|Any CPU
		{2688801E-DD4C-4BEE-8E1D-3C1E3E448D73}.Release|Any CPU.ActiveCfg = Release|Any CPU
		{2688801E-DD4C-4BEE-8E1D-3C1E3E448D73}.Release|Any CPU.Build.0 = Release|Any CPU
		{CC3D7242-A984-49EC-B6A7-B0F006B08D34}.Debug|Any CPU.ActiveCfg = Debug|Any CPU
		{CC3D7242-A984-49EC-B6A7-B0F006B08D34}.Debug|Any CPU.Build.0 = Debug|Any CPU
		{CC3D7242-A984-49EC-B6A7-B0F006B08D34}.Release|Any CPU.ActiveCfg = Release|Any CPU
		{CC3D7242-A984-49EC-B6A7-B0F006B08D34}.Release|Any CPU.Build.0 = Release|Any CPU
		{721253FB-22D4-4DB6-8C7E-5F90118F52D5}.Debug|Any CPU.ActiveCfg = Debug|Any CPU
		{721253FB-22D4-4DB6-8C7E-5F90118F52D5}.Release|Any CPU.ActiveCfg = Release|Any CPU
		{40D8E3F0-DCCF-4F19-8EC0-2E6EC476B629}.Debug|Any CPU.ActiveCfg = Debug|Any CPU
		{40D8E3F0-DCCF-4F19-8EC0-2E6EC476B629}.Debug|Any CPU.Build.0 = Debug|Any CPU
		{40D8E3F0-DCCF-4F19-8EC0-2E6EC476B629}.Release|Any CPU.ActiveCfg = Release|Any CPU
		{40D8E3F0-DCCF-4F19-8EC0-2E6EC476B629}.Release|Any CPU.Build.0 = Release|Any CPU
		{AF35F810-6CE9-4A99-8681-3259C063626C}.Debug|Any CPU.ActiveCfg = Debug|Any CPU
		{AF35F810-6CE9-4A99-8681-3259C063626C}.Debug|Any CPU.Build.0 = Debug|Any CPU
		{AF35F810-6CE9-4A99-8681-3259C063626C}.Release|Any CPU.ActiveCfg = Release|Any CPU
		{AF35F810-6CE9-4A99-8681-3259C063626C}.Release|Any CPU.Build.0 = Release|Any CPU
		{AEC17458-E07C-496A-94E4-22CD4723DB8E}.Debug|Any CPU.ActiveCfg = Debug|Any CPU
		{AEC17458-E07C-496A-94E4-22CD4723DB8E}.Debug|Any CPU.Build.0 = Debug|Any CPU
		{AEC17458-E07C-496A-94E4-22CD4723DB8E}.Release|Any CPU.ActiveCfg = Release|Any CPU
		{AEC17458-E07C-496A-94E4-22CD4723DB8E}.Release|Any CPU.Build.0 = Release|Any CPU
		{41CEE3E7-0F8E-4633-9520-29FA5CFD3F9F}.Debug|Any CPU.ActiveCfg = Debug|Any CPU
		{41CEE3E7-0F8E-4633-9520-29FA5CFD3F9F}.Debug|Any CPU.Build.0 = Debug|Any CPU
		{41CEE3E7-0F8E-4633-9520-29FA5CFD3F9F}.Release|Any CPU.ActiveCfg = Release|Any CPU
		{41CEE3E7-0F8E-4633-9520-29FA5CFD3F9F}.Release|Any CPU.Build.0 = Release|Any CPU
		{AF077C10-B278-4C0C-8499-F1153625709D}.Debug|Any CPU.ActiveCfg = Debug|Any CPU
		{AF077C10-B278-4C0C-8499-F1153625709D}.Debug|Any CPU.Build.0 = Debug|Any CPU
		{AF077C10-B278-4C0C-8499-F1153625709D}.Release|Any CPU.ActiveCfg = Release|Any CPU
		{AF077C10-B278-4C0C-8499-F1153625709D}.Release|Any CPU.Build.0 = Release|Any CPU
	EndGlobalSection
	GlobalSection(SolutionProperties) = preSolution
		HideSolutionNode = FALSE
	EndGlobalSection
	GlobalSection(ExtensibilityGlobals) = postSolution
		SolutionGuid = {CF58A0B9-B321-427F-ACFC-AD580097EEDE}
	EndGlobalSection
EndGlobal
